{
  "name": "@robertblust/design",
  "version": "0.66.0",
  "lockfileVersion": 3,
  "requires": true,
  "packages": {
    "": {
      "name": "@robertblust/design",
      "version": "0.66.0",
      "license": "Apache-2.0",
      "bin": {
        "design": "bin/design.mjs"
      },
      "engines": {
        "node": ">=22"
      }
    }
  }
}
